// !$*UTF8*$!
{
	archiveVersion = 1;
	classes = {
	};
	objectVersion = 50;
	objects = {

/* Begin PBXBuildFile section */
		937485A9262BAB0C008A3CDB /* AppDelegate.swift in Sources */ = {isa = PBXBuildFile; fileRef = 937485A8262BAB0C008A3CDB /* AppDelegate.swift */; };
		937485AB262BAB0C008A3CDB /* SceneDelegate.swift in Sources */ = {isa = PBXBuildFile; fileRef = 937485AA262BAB0C008A3CDB /* SceneDelegate.swift */; };
		937485B0262BAB0C008A3CDB /* Main.storyboard in Resources */ = {isa = PBXBuildFile; fileRef = 937485AE262BAB0C008A3CDB /* Main.storyboard */; };
		937485B2262BAB0D008A3CDB /* Assets.xcassets in Resources */ = {isa = PBXBuildFile; fileRef = 937485B1262BAB0D008A3CDB /* Assets.xcassets */; };
		937485B5262BAB0D008A3CDB /* LaunchScreen.storyboard in Resources */ = {isa = PBXBuildFile; fileRef = 937485B3262BAB0D008A3CDB /* LaunchScreen.storyboard */; };
		937485C1262BAB5D008A3CDB /* NewsTableViewController.swift in Sources */ = {isa = PBXBuildFile; fileRef = 937485C0262BAB5D008A3CDB /* NewsTableViewController.swift */; };
		937485C5262BB1CD008A3CDB /* Webservice.swift in Sources */ = {isa = PBXBuildFile; fileRef = 937485C4262BB1CD008A3CDB /* Webservice.swift */; };
		937485CA262BB582008A3CDB /* News.swift in Sources */ = {isa = PBXBuildFile; fileRef = 937485C9262BB582008A3CDB /* News.swift */; };
		93915A8526312BE900DA0F97 /* NewsViewModel.swift in Sources */ = {isa = PBXBuildFile; fileRef = 93915A8426312BE900DA0F97 /* NewsViewModel.swift */; };
		93915A8A26312ED800DA0F97 /* NewsTableViewCell.swift in Sources */ = {isa = PBXBuildFile; fileRef = 93915A8926312ED800DA0F97 /* NewsTableViewCell.swift */; };
/* End PBXBuildFile section */

/* Begin PBXFileReference section */
		937485A5262BAB0C008A3CDB /* NewsApp.app */ = {isa = PBXFileReference; explicitFileType = wrapper.application; includeInIndex = 0; path = NewsApp.app; sourceTree = BUILT_PRODUCTS_DIR; };
		937485A8262BAB0C008A3CDB /* AppDelegate.swift */ = {isa = PBXFileReference; lastKnownFileType = sourcecode.swift; path = AppDelegate.swift; sourceTree = "<group>"; };
		937485AA262BAB0C008A3CDB /* SceneDelegate.swift */ = {isa = PBXFileReference; lastKnownFileType = sourcecode.swift; path = SceneDelegate.swift; sourceTree = "<group>"; };
		937485AF262BAB0C008A3CDB /* Base */ = {isa = PBXFileReference; lastKnownFileType = file.storyboard; name = Base; path = Base.lproj/Main.storyboard; sourceTree = "<group>"; };
		937485B1262BAB0D008A3CDB /* Assets.xcassets */ = {isa = PBXFileReference; lastKnownFileType = folder.assetcatalog; path = Assets.xcassets; sourceTree = "<group>"; };
		937485B4262BAB0D008A3CDB /* Base */ = {isa = PBXFileReference; lastKnownFileType = file.storyboard; name = Base; path = Base.lproj/LaunchScreen.storyboard; sourceTree = "<group>"; };
		937485B6262BAB0D008A3CDB /* Info.plist */ = {isa = PBXFileReference; lastKnownFileType = text.plist.xml; path = Info.plist; sourceTree = "<group>"; };
		937485C0262BAB5D008A3CDB /* NewsTableViewController.swift */ = {isa = PBXFileReference; lastKnownFileType = sourcecode.swift; path = NewsTableViewController.swift; sourceTree = "<group>"; };
		937485C4262BB1CD008A3CDB /* Webservice.swift */ = {isa = PBXFileReference; lastKnownFileType = sourcecode.swift; path = Webservice.swift; sourceTree = "<group>"; };
		937485C9262BB582008A3CDB /* News.swift */ = {isa = PBXFileReference; lastKnownFileType = sourcecode.swift; path = News.swift; sourceTree = "<group>"; };
		93915A8426312BE900DA0F97 /* NewsViewModel.swift */ = {isa = PBXFileReference; lastKnownFileType = sourcecode.swift; path = NewsViewModel.swift; sourceTree = "<group>"; };
		93915A8926312ED800DA0F97 /* NewsTableViewCell.swift */ = {isa = PBXFileReference; lastKnownFileType = sourcecode.swift; path = NewsTableViewCell.swift; sourceTree = "<group>"; };
/* End PBXFileReference section */

/* Begin PBXFrameworksBuildPhase section */
		937485A2262BAB0C008A3CDB /* Frameworks */ = {
			isa = PBXFrameworksBuildPhase;
			buildActionMask = 2147483647;
			files = (
			);
			runOnlyForDeploymentPostprocessing = 0;
		};
/* End PBXFrameworksBuildPhase section */

/* Begin PBXGroup section */
		9374859C262BAB0C008A3CDB = {
			isa = PBXGroup;
			children = (
				937485A7262BAB0C008A3CDB /* NewsApp */,
				937485A6262BAB0C008A3CDB /* Products */,
			);
			sourceTree = "<group>";
		};
		937485A6262BAB0C008A3CDB /* Products */ = {
			isa = PBXGroup;
			children = (
				937485A5262BAB0C008A3CDB /* NewsApp.app */,
			);
			name = Products;
			sourceTree = "<group>";
		};
		937485A7262BAB0C008A3CDB /* NewsApp */ = {
			isa = PBXGroup;
			children = (
				93915A8826312ECA00DA0F97 /* Cells */,
				93915A8326312BD200DA0F97 /* ViewModels */,
				937485C8262BB572008A3CDB /* Models */,
				937485C3262BB1AF008A3CDB /* Services */,
				937485BD262BAB1E008A3CDB /* Application */,
				937485BF262BAB45008A3CDB /* Controller */,
				937485AE262BAB0C008A3CDB /* Main.storyboard */,
				937485B1262BAB0D008A3CDB /* Assets.xcassets */,
				937485B3262BAB0D008A3CDB /* LaunchScreen.storyboard */,
				937485B6262BAB0D008A3CDB /* Info.plist */,
			);
			path = NewsApp;
			sourceTree = "<group>";
		};
		937485BD262BAB1E008A3CDB /* Application */ = {
			isa = PBXGroup;
			children = (
				937485A8262BAB0C008A3CDB /* AppDelegate.swift */,
				937485AA262BAB0C008A3CDB /* SceneDelegate.swift */,
			);
			path = Application;
			sourceTree = "<group>";
		};
		937485BF262BAB45008A3CDB /* Controller */ = {
			isa = PBXGroup;
			children = (
				937485C0262BAB5D008A3CDB /* NewsTableViewController.swift */,
			);
			path = Controller;
			sourceTree = "<group>";
		};
		937485C3262BB1AF008A3CDB /* Services */ = {
			isa = PBXGroup;
			children = (
				937485C4262BB1CD008A3CDB /* Webservice.swift */,
			);
			path = Services;
			sourceTree = "<group>";
		};
		937485C8262BB572008A3CDB /* Models */ = {
			isa = PBXGroup;
			children = (
				937485C9262BB582008A3CDB /* News.swift */,
			);
			path = Models;
			sourceTree = "<group>";
		};
		93915A8326312BD200DA0F97 /* ViewModels */ = {
			isa = PBXGroup;
			children = (
				93915A8426312BE900DA0F97 /* NewsViewModel.swift */,
			);
			path = ViewModels;
			sourceTree = "<group>";
		};
		93915A8826312ECA00DA0F97 /* Cells */ = {
			isa = PBXGroup;
			children = (
				93915A8926312ED800DA0F97 /* NewsTableViewCell.swift */,
			);
			path = Cells;
			sourceTree = "<group>";
		};
/* End PBXGroup section */

/* Begin PBXNativeTarget section */
		937485A4262BAB0C008A3CDB /* NewsApp */ = {
			isa = PBXNativeTarget;
			buildConfigurationList = 937485B9262BAB0D008A3CDB /* Build configuration list for PBXNativeTarget "NewsApp" */;
			buildPhases = (
				937485A1262BAB0C008A3CDB /* Sources */,
				937485A2262BAB0C008A3CDB /* Frameworks */,
				937485A3262BAB0C008A3CDB /* Resources */,
			);
			buildRules = (
			);
			dependencies = (
			);
			name = NewsApp;
			productName = NewsApp;
			productReference = 937485A5262BAB0C008A3CDB /* NewsApp.app */;
			productType = "com.apple.product-type.application";
		};
/* End PBXNativeTarget section */

/* Begin PBXProject section */
		9374859D262BAB0C008A3CDB /* Project object */ = {
			isa = PBXProject;
			attributes = {
				LastSwiftUpdateCheck = 1240;
				LastUpgradeCheck = 1240;
				TargetAttributes = {
					937485A4262BAB0C008A3CDB = {
						CreatedOnToolsVersion = 12.4;
					};
				};
			};
			buildConfigurationList = 937485A0262BAB0C008A3CDB /* Build configuration list for PBXProject "NewsApp" */;
			compatibilityVersion = "Xcode 9.3";
			developmentRegion = en;
			hasScannedForEncodings = 0;
			knownRegions = (
				en,
				Base,
			);
			mainGroup = 9374859C262BAB0C008A3CDB;
			productRefGroup = 937485A6262BAB0C008A3CDB /* Products */;
			projectDirPath = "";
			projectRoot = "";
			targets = (
				937485A4262BAB0C008A3CDB /* NewsApp */,
			);
		};
/* End PBXProject section */

/* Begin PBXResourcesBuildPhase section */
		937485A3262BAB0C008A3CDB /* Resources */ = {
			isa = PBXResourcesBuildPhase;
			buildActionMask = 2147483647;
			files = (
				937485B5262BAB0D008A3CDB /* LaunchScreen.storyboard in Resources */,
				937485B2262BAB0D008A3CDB /* Assets.xcassets in Resources */,
				937485B0262BAB0C008A3CDB /* Main.storyboard in Resources */,
			);
			runOnlyForDeploymentPostprocessing = 0;
		};
/* End PBXResourcesBuildPhase section */

/* Begin PBXSourcesBuildPhase section */
		937485A1262BAB0C008A3CDB /* Sources */ = {
			isa = PBXSourcesBuildPhase;
			buildActionMask = 2147483647;
			files = (
				937485A9262BAB0C008A3CDB /* AppDelegate.swift in Sources */,
				93915A8A26312ED800DA0F97 /* NewsTableViewCell.swift in Sources */,
				937485AB262BAB0C008A3CDB /* SceneDelegate.swift in Sources */,
				937485C5262BB1CD008A3CDB /* Webservice.swift in Sources */,
				93915A8526312BE900DA0F97 /* NewsViewModel.swift in Sources */,
				937485CA262BB582008A3CDB /* News.swift in Sources */,
				937485C1262BAB5D008A3CDB /* NewsTableViewController.swift in Sources */,
			);
			runOnlyForDeploymentPostprocessing = 0;
		};
/* End PBXSourcesBuildPhase section */

/* Begin PBXVariantGroup section */
		937485AE262BAB0C008A3CDB /* Main.storyboard */ = {
			isa = PBXVariantGroup;
			children = (
				937485AF262BAB0C008A3CDB /* Base */,
			);
			name = Main.storyboard;
			sourceTree = "<group>";
		};
		937485B3262BAB0D008A3CDB /* LaunchScreen.storyboard */ = {
			isa = PBXVariantGroup;
			children = (
				937485B4262BAB0D008A3CDB /* Base */,
			);
			name = LaunchScreen.storyboard;
			sourceTree = "<group>";
		};
/* End PBXVariantGroup section */

/* Begin XCBuildConfiguration section */
		937485B7262BAB0D008A3CDB /* Debug */ = {
			isa = XCBuildConfiguration;
			buildSettings = {
				ALWAYS_SEARCH_USER_PATHS = NO;
				CLANG_ANALYZER_NONNULL = YES;
				CLANG_ANALYZER_NUMBER_OBJECT_CONVERSION = YES_AGGRESSIVE;
				CLANG_CXX_LANGUAGE_STANDARD = "gnu++14";
				CLANG_CXX_LIBRARY = "libc++";
				CLANG_ENABLE_MODULES = YES;
				CLANG_ENABLE_OBJC_ARC = YES;
				CLANG_ENABLE_OBJC_WEAK = YES;
				CLANG_WARN_BLOCK_CAPTURE_AUTORELEASING = YES;
				CLANG_WARN_BOOL_CONVERSION = YES;
				CLANG_WARN_COMMA = YES;
				CLANG_WARN_CONSTANT_CONVERSION = YES;
				CLANG_WARN_DEPRECATED_OBJC_IMPLEMENTATIONS = YES;
				CLANG_WARN_DIRECT_OBJC_ISA_USAGE = YES_ERROR;
				CLANG_WARN_DOCUMENTATION_COMMENTS = YES;
				CLANG_WARN_EMPTY_BODY = YES;
				CLANG_WARN_ENUM_CONVERSION = YES;
				CLANG_WARN_INFINITE_RECURSION = YES;
				CLANG_WARN_INT_CONVERSION = YES;
				CLANG_WARN_NON_LITERAL_NULL_CONVERSION = YES;
				CLANG_WARN_OBJC_IMPLICIT_RETAIN_SELF = YES;
				CLANG_WARN_OBJC_LITERAL_CONVERSION = YES;
				CLANG_WARN_OBJC_ROOT_CLASS = YES_ERROR;
				CLANG_WARN_QUOTED_INCLUDE_IN_FRAMEWORK_HEADER = YES;
				CLANG_WARN_RANGE_LOOP_ANALYSIS = YES;
				CLANG_WARN_STRICT_PROTOTYPES = YES;
				CLANG_WARN_SUSPICIOUS_MOVE = YES;
				CLANG_WARN_UNGUARDED_AVAILABILITY = YES_AGGRESSIVE;
				CLANG_WARN_UNREACHABLE_CODE = YES;
				CLANG_WARN__DUPLICATE_METHOD_MATCH = YES;
				COPY_PHASE_STRIP = NO;
				DEBUG_INFORMATION_FORMAT = dwarf;
				ENABLE_STRICT_OBJC_MSGSEND = YES;
				ENABLE_TESTABILITY = YES;
				GCC_C_LANGUAGE_STANDARD = gnu11;
				GCC_DYNAMIC_NO_PIC = NO;
				GCC_NO_COMMON_BLOCKS = YES;
				GCC_OPTIMIZATION_LEVEL = 0;
				GCC_PREPROCESSOR_DEFINITIONS = (
					"DEBUG=1",
					"$(inherited)",
				);
				GCC_WARN_64_TO_32_BIT_CONVERSION = YES;
				GCC_WARN_ABOUT_RETURN_TYPE = YES_ERROR;
				GCC_WARN_UNDECLARED_SELECTOR = YES;
				GCC_WARN_UNINITIALIZED_AUTOS = YES_AGGRESSIVE;
				GCC_WARN_UNUSED_FUNCTION = YES;
				GCC_WARN_UNUSED_VARIABLE = YES;
				IPHONEOS_DEPLOYMENT_TARGET = 14.4;
				MTL_ENABLE_DEBUG_INFO = INCLUDE_SOURCE;
				MTL_FAST_MATH = YES;
				ONLY_ACTIVE_ARCH = YES;
				SDKROOT = iphoneos;
				SWIFT_ACTIVE_COMPILATION_CONDITIONS = DEBUG;
				SWIFT_OPTIMIZATION_LEVEL = "-Onone";
			};
			name = Debug;
		};
		937485B8262BAB0D008A3CDB /* Release */ = {
			isa = XCBuildConfiguration;
			buildSettings = {
				ALWAYS_SEARCH_USER_PATHS = NO;
				CLANG_ANALYZER_NONNULL = YES;
				CLANG_ANALYZER_NUMBER_OBJECT_CONVERSION = YES_AGGRESSIVE;
				CLANG_CXX_LANGUAGE_STANDARD = "gnu++14";
				CLANG_CXX_LIBRARY = "libc++";
				CLANG_ENABLE_MODULES = YES;
				CLANG_ENABLE_OBJC_ARC = YES;
				CLANG_ENABLE_OBJC_WEAK = YES;
				CLANG_WARN_BLOCK_CAPTURE_AUTORELEASING = YES;
				CLANG_WARN_BOOL_CONVERSION = YES;
				CLANG_WARN_COMMA = YES;
				CLANG_WARN_CONSTANT_CONVERSION = YES;
				CLANG_WARN_DEPRECATED_OBJC_IMPLEMENTATIONS = YES;
				CLANG_WARN_DIRECT_OBJC_ISA_USAGE = YES_ERROR;
				CLANG_WARN_DOCUMENTATION_COMMENTS = YES;
				CLANG_WARN_EMPTY_BODY = YES;
				CLANG_WARN_ENUM_CONVERSION = YES;
				CLANG_WARN_INFINITE_RECURSION = YES;
				CLANG_WARN_INT_CONVERSION = YES;
				CLANG_WARN_NON_LITERAL_NULL_CONVERSION = YES;
				CLANG_WARN_OBJC_IMPLICIT_RETAIN_SELF = YES;
				CLANG_WARN_OBJC_LITERAL_CONVERSION = YES;
				CLANG_WARN_OBJC_ROOT_CLASS = YES_ERROR;
				CLANG_WARN_QUOTED_INCLUDE_IN_FRAMEWORK_HEADER = YES;
				CLANG_WARN_RANGE_LOOP_ANALYSIS = YES;
				CLANG_WARN_STRICT_PROTOTYPES = YES;
				CLANG_WARN_SUSPICIOUS_MOVE = YES;
				CLANG_WARN_UNGUARDED_AVAILABILITY = YES_AGGRESSIVE;
				CLANG_WARN_UNREACHABLE_CODE = YES;
				CLANG_WARN__DUPLICATE_METHOD_MATCH = YES;
				COPY_PHASE_STRIP = NO;
				DEBUG_INFORMATION_FORMAT = "dwarf-with-dsym";
				ENABLE_NS_ASSERTIONS = NO;
				ENABLE_STRICT_OBJC_MSGSEND = YES;
				GCC_C_LANGUAGE_STANDARD = gnu11;
				GCC_NO_COMMON_BLOCKS = YES;
				GCC_WARN_64_TO_32_BIT_CONVERSION = YES;
				GCC_WARN_ABOUT_RETURN_TYPE = YES_ERROR;
				GCC_WARN_UNDECLARED_SELECTOR = YES;
				GCC_WARN_UNINITIALIZED_AUTOS = YES_AGGRESSIVE;
				GCC_WARN_UNUSED_FUNCTION = YES;
				GCC_WARN_UNUSED_VARIABLE = YES;
				IPHONEOS_DEPLOYMENT_TARGET = 14.4;
				MTL_ENABLE_DEBUG_INFO = NO;
				MTL_FAST_MATH = YES;
				SDKROOT = iphoneos;
				SWIFT_COMPILATION_MODE = wholemodule;
				SWIFT_OPTIMIZATION_LEVEL = "-O";
				VALIDATE_PRODUCT = YES;
			};
			name = Release;
		};
		937485BA262BAB0D008A3CDB /* Debug */ = {
			isa = XCBuildConfiguration;
			buildSettings = {
				ASSETCATALOG_COMPILER_APPICON_NAME = AppIcon;
				ASSETCATALOG_COMPILER_GLOBAL_ACCENT_COLOR_NAME = AccentColor;
				CODE_SIGN_STYLE = Automatic;
				DEVELOPMENT_TEAM = 2B3NAR3YX7;
				INFOPLIST_FILE = NewsApp/Info.plist;
				LD_RUNPATH_SEARCH_PATHS = (
					"$(inherited)",
					"@executable_path/Frameworks",
				);
				PRODUCT_BUNDLE_IDENTIFIER = br.org.sistemasusb.NewsApp;
				PRODUCT_NAME = "$(TARGET_NAME)";
				SWIFT_VERSION = 5.0;
				TARGETED_DEVICE_FAMILY = "1,2";
			};
			name = Debug;
		};
		937485BB262BAB0D008A3CDB /* Release */ = {
			isa = XCBuildConfiguration;
			buildSettings = {
				ASSETCATALOG_COMPILER_APPICON_NAME = AppIcon;
				ASSETCATALOG_COMPILER_GLOBAL_ACCENT_COLOR_NAME = AccentColor;
				CODE_SIGN_STYLE = Automatic;
				DEVELOPMENT_TEAM = 2B3NAR3YX7;
				INFOPLIST_FILE = NewsApp/Info.plist;
				LD_RUNPATH_SEARCH_PATHS = (
					"$(inherited)",
					"@executable_path/Frameworks",
				);
				PRODUCT_BUNDLE_IDENTIFIER = br.org.sistemasusb.NewsApp;
				PRODUCT_NAME = "$(TARGET_NAME)";
				SWIFT_VERSION = 5.0;
				TARGETED_DEVICE_FAMILY = "1,2";
			};
			name = Release;
		};
/* End XCBuildConfiguration section */

/* Begin XCConfigurationList section */
		937485A0262BAB0C008A3CDB /* Build configuration list for PBXProject "NewsApp" */ = {
			isa = XCConfigurationList;
			buildConfigurations = (
				937485B7262BAB0D008A3CDB /* Debug */,
				937485B8262BAB0D008A3CDB /* Release */,
			);
			defaultConfigurationIsVisible = 0;
			defaultConfigurationName = Release;
		};
		937485B9262BAB0D008A3CDB /* Build configuration list for PBXNativeTarget "NewsApp" */ = {
			isa = XCConfigurationList;
			buildConfigurations = (
				937485BA262BAB0D008A3CDB /* Debug */,
				937485BB262BAB0D008A3CDB /* Release */,
			);
			defaultConfigurationIsVisible = 0;
			defaultConfigurationName = Release;
		};
/* End XCConfigurationList section */
	};
	rootObject = 9374859D262BAB0C008A3CDB /* Project object */;
}
